// !$*UTF8*$!
{
	archiveVersion = 1;
	classes = {
	};
	objectVersion = 46;
	objects = {

/* Begin PBXBuildFile section */
		6A1C66402735A18300257D3F /* GameLocationMapView.swift in Sources */ = {isa = PBXBuildFile; fileRef = 6A1C663F2735A18300257D3F /* GameLocationMapView.swift */; };
		6A1C66422735A1DE00257D3F /* GameLocationsHeaderView.swift in Sources */ = {isa = PBXBuildFile; fileRef = 6A1C66412735A1DE00257D3F /* GameLocationsHeaderView.swift */; };
		6A1C66442735A1F700257D3F /* GameLocationScrollView.swift in Sources */ = {isa = PBXBuildFile; fileRef = 6A1C66432735A1F700257D3F /* GameLocationScrollView.swift */; };
		6A1C66462735A22D00257D3F /* LocationCardView.swift in Sources */ = {isa = PBXBuildFile; fileRef = 6A1C66452735A22D00257D3F /* LocationCardView.swift */; };
		6A1EB1982735086D008C1167 /* MultiGameDetailView.swift in Sources */ = {isa = PBXBuildFile; fileRef = 6A1EB1972735086D008C1167 /* MultiGameDetailView.swift */; };
		6A37E74127287AF2005D4AF3 /* LocationDatabase.swift in Sources */ = {isa = PBXBuildFile; fileRef = 6A37E74027287AF2005D4AF3 /* LocationDatabase.swift */; };
		6A37E7432728903A005D4AF3 /* SkillShotApp.swift in Sources */ = {isa = PBXBuildFile; fileRef = 6A37E7422728903A005D4AF3 /* SkillShotApp.swift */; };
		6A37E74527289148005D4AF3 /* ContentView.swift in Sources */ = {isa = PBXBuildFile; fileRef = 6A37E74427289148005D4AF3 /* ContentView.swift */; };
		6A37E74827289217005D4AF3 /* all_locations.json in Resources */ = {isa = PBXBuildFile; fileRef = 6A37E74727289217005D4AF3 /* all_locations.json */; };
		6A37E74A2728A73C005D4AF3 /* LocationMapView.swift in Sources */ = {isa = PBXBuildFile; fileRef = 6A37E7492728A73C005D4AF3 /* LocationMapView.swift */; };
		6A37E74C2728B04B005D4AF3 /* AllGameView.swift in Sources */ = {isa = PBXBuildFile; fileRef = 6A37E74B2728B04B005D4AF3 /* AllGameView.swift */; };
		6A37E74E2728BD6F005D4AF3 /* AllLocationListView.swift in Sources */ = {isa = PBXBuildFile; fileRef = 6A37E74D2728BD6F005D4AF3 /* AllLocationListView.swift */; };
		6A37E7502729C1B7005D4AF3 /* SingleLocationView.swift in Sources */ = {isa = PBXBuildFile; fileRef = 6A37E74F2729C1B7005D4AF3 /* SingleLocationView.swift */; };
		6A4808F42734F8FC009682E3 /* SingleGameDetailView.swift in Sources */ = {isa = PBXBuildFile; fileRef = 6A4808F32734F8FC009682E3 /* SingleGameDetailView.swift */; };
		6A6326752734850A0072C3FE /* PhoneAllLocationListView.swift in Sources */ = {isa = PBXBuildFile; fileRef = 6A6326742734850A0072C3FE /* PhoneAllLocationListView.swift */; };
		6A632677273485310072C3FE /* PadAllLocationListView.swift in Sources */ = {isa = PBXBuildFile; fileRef = 6A632676273485310072C3FE /* PadAllLocationListView.swift */; };
		6A6326792734F3C20072C3FE /* SingleColumnGameListView.swift in Sources */ = {isa = PBXBuildFile; fileRef = 6A6326782734F3C20072C3FE /* SingleColumnGameListView.swift */; };
		6A63267B2734F3E10072C3FE /* DoubleColumnGameListView.swift in Sources */ = {isa = PBXBuildFile; fileRef = 6A63267A2734F3E10072C3FE /* DoubleColumnGameListView.swift */; };
		6A69B670272BA6960093BB7E /* DrawerView.swift in Sources */ = {isa = PBXBuildFile; fileRef = 6A69B66F272BA6960093BB7E /* DrawerView.swift */; };
		6A69B672272BB8720093BB7E /* LocationAnnotationView.swift in Sources */ = {isa = PBXBuildFile; fileRef = 6A69B671272BB8720093BB7E /* LocationAnnotationView.swift */; };
		6A69B676272BB8EF0093BB7E /* CoreLocationExtensions.swift in Sources */ = {isa = PBXBuildFile; fileRef = 6A69B675272BB8EF0093BB7E /* CoreLocationExtensions.swift */; };
		6A69B678272BB9300093BB7E /* ClusteredLocationItem.swift in Sources */ = {isa = PBXBuildFile; fileRef = 6A69B677272BB9300093BB7E /* ClusteredLocationItem.swift */; };
		6A69B67A272BB9930093BB7E /* SingleLocationNavRowView.swift in Sources */ = {isa = PBXBuildFile; fileRef = 6A69B679272BB9930093BB7E /* SingleLocationNavRowView.swift */; };
		6A69B67C272BC2740093BB7E /* LocationSortSheetView.swift in Sources */ = {isa = PBXBuildFile; fileRef = 6A69B67B272BC2740093BB7E /* LocationSortSheetView.swift */; };
		6A69B67E272C61130093BB7E /* TextExtension.swift in Sources */ = {isa = PBXBuildFile; fileRef = 6A69B67D272C61130093BB7E /* TextExtension.swift */; };
		6AE106D2272CF501006EC804 /* UIDeviceOrientationExtension.swift in Sources */ = {isa = PBXBuildFile; fileRef = 6AE106D1272CF501006EC804 /* UIDeviceOrientationExtension.swift */; };
		8A1788111C28E8BD00C93E9B /* Assets.xcassets in Resources */ = {isa = PBXBuildFile; fileRef = 8A1788101C28E8BD00C93E9B /* Assets.xcassets */; };
		8A1788381C28FA8F00C93E9B /* Location.swift in Sources */ = {isa = PBXBuildFile; fileRef = 8A1788371C28FA8F00C93E9B /* Location.swift */; };
		8A17883A1C28FC3200C93E9B /* Machine.swift in Sources */ = {isa = PBXBuildFile; fileRef = 8A1788391C28FC3200C93E9B /* Machine.swift */; };
		8A1788481C290E1A00C93E9B /* MapKit.framework in Frameworks */ = {isa = PBXBuildFile; fileRef = 8A1788471C290E1A00C93E9B /* MapKit.framework */; };
/* End PBXBuildFile section */

/* Begin PBXFileReference section */
		6A1C663F2735A18300257D3F /* GameLocationMapView.swift */ = {isa = PBXFileReference; lastKnownFileType = sourcecode.swift; path = GameLocationMapView.swift; sourceTree = "<group>"; };
		6A1C66412735A1DE00257D3F /* GameLocationsHeaderView.swift */ = {isa = PBXFileReference; lastKnownFileType = sourcecode.swift; path = GameLocationsHeaderView.swift; sourceTree = "<group>"; };
		6A1C66432735A1F700257D3F /* GameLocationScrollView.swift */ = {isa = PBXFileReference; lastKnownFileType = sourcecode.swift; path = GameLocationScrollView.swift; sourceTree = "<group>"; };
		6A1C66452735A22D00257D3F /* LocationCardView.swift */ = {isa = PBXFileReference; lastKnownFileType = sourcecode.swift; path = LocationCardView.swift; sourceTree = "<group>"; };
		6A1EB1972735086D008C1167 /* MultiGameDetailView.swift */ = {isa = PBXFileReference; lastKnownFileType = sourcecode.swift; path = MultiGameDetailView.swift; sourceTree = "<group>"; };
		6A37E74027287AF2005D4AF3 /* LocationDatabase.swift */ = {isa = PBXFileReference; lastKnownFileType = sourcecode.swift; name = LocationDatabase.swift; path = Model/LocationDatabase.swift; sourceTree = "<group>"; };
		6A37E7422728903A005D4AF3 /* SkillShotApp.swift */ = {isa = PBXFileReference; lastKnownFileType = sourcecode.swift; path = SkillShotApp.swift; sourceTree = "<group>"; };
		6A37E74427289148005D4AF3 /* ContentView.swift */ = {isa = PBXFileReference; lastKnownFileType = sourcecode.swift; name = ContentView.swift; path = View/ContentView.swift; sourceTree = "<group>"; };
		6A37E74727289217005D4AF3 /* all_locations.json */ = {isa = PBXFileReference; fileEncoding = 4; lastKnownFileType = text.json; path = all_locations.json; sourceTree = "<group>"; };
		6A37E7492728A73C005D4AF3 /* LocationMapView.swift */ = {isa = PBXFileReference; lastKnownFileType = sourcecode.swift; path = LocationMapView.swift; sourceTree = "<group>"; };
		6A37E74B2728B04B005D4AF3 /* AllGameView.swift */ = {isa = PBXFileReference; lastKnownFileType = sourcecode.swift; path = AllGameView.swift; sourceTree = "<group>"; };
		6A37E74D2728BD6F005D4AF3 /* AllLocationListView.swift */ = {isa = PBXFileReference; lastKnownFileType = sourcecode.swift; path = AllLocationListView.swift; sourceTree = "<group>"; };
		6A37E74F2729C1B7005D4AF3 /* SingleLocationView.swift */ = {isa = PBXFileReference; lastKnownFileType = sourcecode.swift; path = SingleLocationView.swift; sourceTree = "<group>"; };
		6A4808F32734F8FC009682E3 /* SingleGameDetailView.swift */ = {isa = PBXFileReference; lastKnownFileType = sourcecode.swift; path = SingleGameDetailView.swift; sourceTree = "<group>"; };
		6A6326742734850A0072C3FE /* PhoneAllLocationListView.swift */ = {isa = PBXFileReference; lastKnownFileType = sourcecode.swift; path = PhoneAllLocationListView.swift; sourceTree = "<group>"; };
		6A632676273485310072C3FE /* PadAllLocationListView.swift */ = {isa = PBXFileReference; lastKnownFileType = sourcecode.swift; path = PadAllLocationListView.swift; sourceTree = "<group>"; };
		6A6326782734F3C20072C3FE /* SingleColumnGameListView.swift */ = {isa = PBXFileReference; lastKnownFileType = sourcecode.swift; path = SingleColumnGameListView.swift; sourceTree = "<group>"; };
		6A63267A2734F3E10072C3FE /* DoubleColumnGameListView.swift */ = {isa = PBXFileReference; lastKnownFileType = sourcecode.swift; path = DoubleColumnGameListView.swift; sourceTree = "<group>"; };
		6A69B66F272BA6960093BB7E /* DrawerView.swift */ = {isa = PBXFileReference; lastKnownFileType = sourcecode.swift; path = DrawerView.swift; sourceTree = "<group>"; };
		6A69B671272BB8720093BB7E /* LocationAnnotationView.swift */ = {isa = PBXFileReference; lastKnownFileType = sourcecode.swift; path = LocationAnnotationView.swift; sourceTree = "<group>"; };
		6A69B675272BB8EF0093BB7E /* CoreLocationExtensions.swift */ = {isa = PBXFileReference; lastKnownFileType = sourcecode.swift; path = CoreLocationExtensions.swift; sourceTree = "<group>"; };
		6A69B677272BB9300093BB7E /* ClusteredLocationItem.swift */ = {isa = PBXFileReference; lastKnownFileType = sourcecode.swift; name = ClusteredLocationItem.swift; path = Model/ClusteredLocationItem.swift; sourceTree = "<group>"; };
		6A69B679272BB9930093BB7E /* SingleLocationNavRowView.swift */ = {isa = PBXFileReference; lastKnownFileType = sourcecode.swift; path = SingleLocationNavRowView.swift; sourceTree = "<group>"; };
		6A69B67B272BC2740093BB7E /* LocationSortSheetView.swift */ = {isa = PBXFileReference; lastKnownFileType = sourcecode.swift; path = LocationSortSheetView.swift; sourceTree = "<group>"; };
		6A69B67D272C61130093BB7E /* TextExtension.swift */ = {isa = PBXFileReference; lastKnownFileType = sourcecode.swift; path = TextExtension.swift; sourceTree = "<group>"; };
		6AE106D1272CF501006EC804 /* UIDeviceOrientationExtension.swift */ = {isa = PBXFileReference; lastKnownFileType = sourcecode.swift; path = UIDeviceOrientationExtension.swift; sourceTree = "<group>"; };
		8A1788061C28E8BD00C93E9B /* Skill Shot.app */ = {isa = PBXFileReference; explicitFileType = wrapper.application; includeInIndex = 0; path = "Skill Shot.app"; sourceTree = BUILT_PRODUCTS_DIR; };
		8A1788101C28E8BD00C93E9B /* Assets.xcassets */ = {isa = PBXFileReference; lastKnownFileType = folder.assetcatalog; path = Assets.xcassets; sourceTree = "<group>"; };
		8A1788151C28E8BD00C93E9B /* Info.plist */ = {isa = PBXFileReference; lastKnownFileType = text.plist.xml; path = Info.plist; sourceTree = "<group>"; };
		8A1788371C28FA8F00C93E9B /* Location.swift */ = {isa = PBXFileReference; fileEncoding = 4; lastKnownFileType = sourcecode.swift; name = Location.swift; path = Model/Location.swift; sourceTree = "<group>"; };
		8A1788391C28FC3200C93E9B /* Machine.swift */ = {isa = PBXFileReference; fileEncoding = 4; lastKnownFileType = sourcecode.swift; name = Machine.swift; path = Model/Machine.swift; sourceTree = "<group>"; };
		8A1788471C290E1A00C93E9B /* MapKit.framework */ = {isa = PBXFileReference; lastKnownFileType = wrapper.framework; name = MapKit.framework; path = System/Library/Frameworks/MapKit.framework; sourceTree = SDKROOT; };
/* End PBXFileReference section */

/* Begin PBXFrameworksBuildPhase section */
		8A1788031C28E8BD00C93E9B /* Frameworks */ = {
			isa = PBXFrameworksBuildPhase;
			buildActionMask = 2147483647;
			files = (
				8A1788481C290E1A00C93E9B /* MapKit.framework in Frameworks */,
			);
			runOnlyForDeploymentPostprocessing = 0;
		};
/* End PBXFrameworksBuildPhase section */

/* Begin PBXGroup section */
		6A37E74627289208005D4AF3 /* Resources */ = {
			isa = PBXGroup;
			children = (
				6A37E74727289217005D4AF3 /* all_locations.json */,
			);
			name = Resources;
			sourceTree = "<group>";
		};
		6A63267027347C860072C3FE /* Location List */ = {
			isa = PBXGroup;
			children = (
				6A37E74D2728BD6F005D4AF3 /* AllLocationListView.swift */,
				6A6326742734850A0072C3FE /* PhoneAllLocationListView.swift */,
				6A632676273485310072C3FE /* PadAllLocationListView.swift */,
				6A69B67B272BC2740093BB7E /* LocationSortSheetView.swift */,
			);
			path = "Location List";
			sourceTree = "<group>";
		};
		6A63267127347C9D0072C3FE /* Map */ = {
			isa = PBXGroup;
			children = (
				6A37E7492728A73C005D4AF3 /* LocationMapView.swift */,
				6A69B671272BB8720093BB7E /* LocationAnnotationView.swift */,
				6A69B66F272BA6960093BB7E /* DrawerView.swift */,
			);
			path = Map;
			sourceTree = "<group>";
		};
		6A63267227347CA50072C3FE /* Game List */ = {
			isa = PBXGroup;
			children = (
				6A37E74B2728B04B005D4AF3 /* AllGameView.swift */,
				6A63267A2734F3E10072C3FE /* DoubleColumnGameListView.swift */,
				6A6326782734F3C20072C3FE /* SingleColumnGameListView.swift */,
				6A4808F32734F8FC009682E3 /* SingleGameDetailView.swift */,
				6A1C663F2735A18300257D3F /* GameLocationMapView.swift */,
				6A1C66412735A1DE00257D3F /* GameLocationsHeaderView.swift */,
				6A1C66432735A1F700257D3F /* GameLocationScrollView.swift */,
				6A1C66452735A22D00257D3F /* LocationCardView.swift */,
				6A1EB1972735086D008C1167 /* MultiGameDetailView.swift */,
			);
			path = "Game List";
			sourceTree = "<group>";
		};
		6A63267327347CEA0072C3FE /* Location Details */ = {
			isa = PBXGroup;
			children = (
				6A37E74F2729C1B7005D4AF3 /* SingleLocationView.swift */,
				6A69B679272BB9930093BB7E /* SingleLocationNavRowView.swift */,
			);
			path = "Location Details";
			sourceTree = "<group>";
		};
		6A69B674272BB8BC0093BB7E /* Extensions */ = {
			isa = PBXGroup;
			children = (
				6A69B675272BB8EF0093BB7E /* CoreLocationExtensions.swift */,
				6AE106D1272CF501006EC804 /* UIDeviceOrientationExtension.swift */,
				6A69B67D272C61130093BB7E /* TextExtension.swift */,
			);
			path = Extensions;
			sourceTree = "<group>";
		};
		8A1787FD1C28E8BD00C93E9B = {
			isa = PBXGroup;
			children = (
				8A1788081C28E8BD00C93E9B /* Skill Shot */,
				8A1788071C28E8BD00C93E9B /* Products */,
				8A1788471C290E1A00C93E9B /* MapKit.framework */,
				8ACE0CD11F900E3F002A2884 /* Frameworks */,
			);
			sourceTree = "<group>";
		};
		8A1788071C28E8BD00C93E9B /* Products */ = {
			isa = PBXGroup;
			children = (
				8A1788061C28E8BD00C93E9B /* Skill Shot.app */,
			);
			name = Products;
			sourceTree = "<group>";
		};
		8A1788081C28E8BD00C93E9B /* Skill Shot */ = {
			isa = PBXGroup;
			children = (
				6A69B674272BB8BC0093BB7E /* Extensions */,
				6A37E74627289208005D4AF3 /* Resources */,
				8A17884C1C2935A300C93E9B /* View */,
				8A1788351C28FA6D00C93E9B /* Model */,
				6A37E7422728903A005D4AF3 /* SkillShotApp.swift */,
				6A37E74427289148005D4AF3 /* ContentView.swift */,
				8A1788101C28E8BD00C93E9B /* Assets.xcassets */,
				8A1788151C28E8BD00C93E9B /* Info.plist */,
			);
			path = "Skill Shot";
			sourceTree = "<group>";
		};
		8A1788351C28FA6D00C93E9B /* Model */ = {
			isa = PBXGroup;
			children = (
				6A37E74027287AF2005D4AF3 /* LocationDatabase.swift */,
				8A1788371C28FA8F00C93E9B /* Location.swift */,
				8A1788391C28FC3200C93E9B /* Machine.swift */,
				6A69B677272BB9300093BB7E /* ClusteredLocationItem.swift */,
			);
			name = Model;
			sourceTree = "<group>";
		};
		8A17884C1C2935A300C93E9B /* View */ = {
			isa = PBXGroup;
			children = (
				6A63267127347C9D0072C3FE /* Map */,
				6A63267027347C860072C3FE /* Location List */,
				6A63267227347CA50072C3FE /* Game List */,
				6A63267327347CEA0072C3FE /* Location Details */,
			);
			name = View;
			sourceTree = "<group>";
		};
		8ACE0CD11F900E3F002A2884 /* Frameworks */ = {
			isa = PBXGroup;
			children = (
			);
			name = Frameworks;
			sourceTree = "<group>";
		};
/* End PBXGroup section */

/* Begin PBXNativeTarget section */
		8A1788051C28E8BD00C93E9B /* Skill Shot */ = {
			isa = PBXNativeTarget;
			buildConfigurationList = 8A1788181C28E8BD00C93E9B /* Build configuration list for PBXNativeTarget "Skill Shot" */;
			buildPhases = (
				8A1788021C28E8BD00C93E9B /* Sources */,
				8A1788031C28E8BD00C93E9B /* Frameworks */,
				8A1788041C28E8BD00C93E9B /* Resources */,
			);
			buildRules = (
			);
			dependencies = (
			);
			name = "Skill Shot";
			packageProductDependencies = (
			);
			productName = "Skill Shot";
			productReference = 8A1788061C28E8BD00C93E9B /* Skill Shot.app */;
			productType = "com.apple.product-type.application";
		};
/* End PBXNativeTarget section */

/* Begin PBXProject section */
		8A1787FE1C28E8BD00C93E9B /* Project object */ = {
			isa = PBXProject;
			attributes = {
				LastSwiftUpdateCheck = 0720;
				LastUpgradeCheck = 1250;
				TargetAttributes = {
					8A1788051C28E8BD00C93E9B = {
						CreatedOnToolsVersion = 7.2;
						DevelopmentTeam = TRSP4AA7VA;
						LastSwiftMigration = 1250;
					};
				};
			};
			buildConfigurationList = 8A1788011C28E8BD00C93E9B /* Build configuration list for PBXProject "Skill Shot" */;
			compatibilityVersion = "Xcode 3.2";
			developmentRegion = en;
			hasScannedForEncodings = 0;
			knownRegions = (
				en,
				Base,
			);
			mainGroup = 8A1787FD1C28E8BD00C93E9B;
			packageReferences = (
			);
			productRefGroup = 8A1788071C28E8BD00C93E9B /* Products */;
			projectDirPath = "";
			projectRoot = "";
			targets = (
				8A1788051C28E8BD00C93E9B /* Skill Shot */,
			);
		};
/* End PBXProject section */

/* Begin PBXResourcesBuildPhase section */
		8A1788041C28E8BD00C93E9B /* Resources */ = {
			isa = PBXResourcesBuildPhase;
			buildActionMask = 2147483647;
			files = (
				6A37E74827289217005D4AF3 /* all_locations.json in Resources */,
				8A1788111C28E8BD00C93E9B /* Assets.xcassets in Resources */,
			);
			runOnlyForDeploymentPostprocessing = 0;
		};
/* End PBXResourcesBuildPhase section */

/* Begin PBXSourcesBuildPhase section */
		8A1788021C28E8BD00C93E9B /* Sources */ = {
			isa = PBXSourcesBuildPhase;
			buildActionMask = 2147483647;
			files = (
				6AE106D2272CF501006EC804 /* UIDeviceOrientationExtension.swift in Sources */,
				6A632677273485310072C3FE /* PadAllLocationListView.swift in Sources */,
				6A6326792734F3C20072C3FE /* SingleColumnGameListView.swift in Sources */,
				6A69B67E272C61130093BB7E /* TextExtension.swift in Sources */,
				8A1788381C28FA8F00C93E9B /* Location.swift in Sources */,
				6A63267B2734F3E10072C3FE /* DoubleColumnGameListView.swift in Sources */,
				6A1C66442735A1F700257D3F /* GameLocationScrollView.swift in Sources */,
				6A69B676272BB8EF0093BB7E /* CoreLocationExtensions.swift in Sources */,
				6A37E74527289148005D4AF3 /* ContentView.swift in Sources */,
				6A37E74A2728A73C005D4AF3 /* LocationMapView.swift in Sources */,
				6A4808F42734F8FC009682E3 /* SingleGameDetailView.swift in Sources */,
				6A69B670272BA6960093BB7E /* DrawerView.swift in Sources */,
				6A69B678272BB9300093BB7E /* ClusteredLocationItem.swift in Sources */,
				6A37E7432728903A005D4AF3 /* SkillShotApp.swift in Sources */,
				6A37E7502729C1B7005D4AF3 /* SingleLocationView.swift in Sources */,
				6A37E74127287AF2005D4AF3 /* LocationDatabase.swift in Sources */,
				6A37E74E2728BD6F005D4AF3 /* AllLocationListView.swift in Sources */,
				6A1C66402735A18300257D3F /* GameLocationMapView.swift in Sources */,
				6A37E74C2728B04B005D4AF3 /* AllGameView.swift in Sources */,
				6A1C66462735A22D00257D3F /* LocationCardView.swift in Sources */,
				6A69B67C272BC2740093BB7E /* LocationSortSheetView.swift in Sources */,
				6A1EB1982735086D008C1167 /* MultiGameDetailView.swift in Sources */,
				6A6326752734850A0072C3FE /* PhoneAllLocationListView.swift in Sources */,
				6A1C66422735A1DE00257D3F /* GameLocationsHeaderView.swift in Sources */,
				8A17883A1C28FC3200C93E9B /* Machine.swift in Sources */,
				6A69B67A272BB9930093BB7E /* SingleLocationNavRowView.swift in Sources */,
				6A69B672272BB8720093BB7E /* LocationAnnotationView.swift in Sources */,
			);
			runOnlyForDeploymentPostprocessing = 0;
		};
/* End PBXSourcesBuildPhase section */

/* Begin XCBuildConfiguration section */
		8A1788161C28E8BD00C93E9B /* Debug */ = {
			isa = XCBuildConfiguration;
			buildSettings = {
				ALWAYS_SEARCH_USER_PATHS = NO;
				CLANG_ANALYZER_LOCALIZABILITY_NONLOCALIZED = YES;
				CLANG_CXX_LANGUAGE_STANDARD = "gnu++0x";
				CLANG_CXX_LIBRARY = "libc++";
				CLANG_ENABLE_MODULES = YES;
				CLANG_ENABLE_OBJC_ARC = YES;
				CLANG_WARN_BLOCK_CAPTURE_AUTORELEASING = YES;
				CLANG_WARN_BOOL_CONVERSION = YES;
				CLANG_WARN_COMMA = YES;
				CLANG_WARN_CONSTANT_CONVERSION = YES;
				CLANG_WARN_DEPRECATED_OBJC_IMPLEMENTATIONS = YES;
				CLANG_WARN_DIRECT_OBJC_ISA_USAGE = YES_ERROR;
				CLANG_WARN_EMPTY_BODY = YES;
				CLANG_WARN_ENUM_CONVERSION = YES;
				CLANG_WARN_INFINITE_RECURSION = YES;
				CLANG_WARN_INT_CONVERSION = YES;
				CLANG_WARN_NON_LITERAL_NULL_CONVERSION = YES;
				CLANG_WARN_OBJC_IMPLICIT_RETAIN_SELF = YES;
				CLANG_WARN_OBJC_LITERAL_CONVERSION = YES;
				CLANG_WARN_OBJC_ROOT_CLASS = YES_ERROR;
				CLANG_WARN_QUOTED_INCLUDE_IN_FRAMEWORK_HEADER = YES;
				CLANG_WARN_RANGE_LOOP_ANALYSIS = YES;
				CLANG_WARN_STRICT_PROTOTYPES = YES;
				CLANG_WARN_SUSPICIOUS_MOVE = YES;
				CLANG_WARN_UNREACHABLE_CODE = YES;
				CLANG_WARN__DUPLICATE_METHOD_MATCH = YES;
				"CODE_SIGN_IDENTITY[sdk=iphoneos*]" = "iPhone Developer";
				COPY_PHASE_STRIP = NO;
				DEBUG_INFORMATION_FORMAT = dwarf;
				ENABLE_STRICT_OBJC_MSGSEND = YES;
				ENABLE_TESTABILITY = YES;
				GCC_C_LANGUAGE_STANDARD = gnu99;
				GCC_DYNAMIC_NO_PIC = NO;
				GCC_NO_COMMON_BLOCKS = YES;
				GCC_OPTIMIZATION_LEVEL = 0;
				GCC_PREPROCESSOR_DEFINITIONS = (
					"DEBUG=1",
					"$(inherited)",
				);
				GCC_WARN_64_TO_32_BIT_CONVERSION = YES;
				GCC_WARN_ABOUT_RETURN_TYPE = YES_ERROR;
				GCC_WARN_UNDECLARED_SELECTOR = YES;
				GCC_WARN_UNINITIALIZED_AUTOS = YES_AGGRESSIVE;
				GCC_WARN_UNUSED_FUNCTION = YES;
				GCC_WARN_UNUSED_VARIABLE = YES;
				IPHONEOS_DEPLOYMENT_TARGET = 14.5;
				MTL_ENABLE_DEBUG_INFO = YES;
				ONLY_ACTIVE_ARCH = YES;
				SDKROOT = iphoneos;
				SWIFT_OPTIMIZATION_LEVEL = "-Onone";
				TARGETED_DEVICE_FAMILY = "1,2";
			};
			name = Debug;
		};
		8A1788171C28E8BD00C93E9B /* Release */ = {
			isa = XCBuildConfiguration;
			buildSettings = {
				ALWAYS_SEARCH_USER_PATHS = NO;
				CLANG_ANALYZER_LOCALIZABILITY_NONLOCALIZED = YES;
				CLANG_CXX_LANGUAGE_STANDARD = "gnu++0x";
				CLANG_CXX_LIBRARY = "libc++";
				CLANG_ENABLE_MODULES = YES;
				CLANG_ENABLE_OBJC_ARC = YES;
				CLANG_WARN_BLOCK_CAPTURE_AUTORELEASING = YES;
				CLANG_WARN_BOOL_CONVERSION = YES;
				CLANG_WARN_COMMA = YES;
				CLANG_WARN_CONSTANT_CONVERSION = YES;
				CLANG_WARN_DEPRECATED_OBJC_IMPLEMENTATIONS = YES;
				CLANG_WARN_DIRECT_OBJC_ISA_USAGE = YES_ERROR;
				CLANG_WARN_EMPTY_BODY = YES;
				CLANG_WARN_ENUM_CONVERSION = YES;
				CLANG_WARN_INFINITE_RECURSION = YES;
				CLANG_WARN_INT_CONVERSION = YES;
				CLANG_WARN_NON_LITERAL_NULL_CONVERSION = YES;
				CLANG_WARN_OBJC_IMPLICIT_RETAIN_SELF = YES;
				CLANG_WARN_OBJC_LITERAL_CONVERSION = YES;
				CLANG_WARN_OBJC_ROOT_CLASS = YES_ERROR;
				CLANG_WARN_QUOTED_INCLUDE_IN_FRAMEWORK_HEADER = YES;
				CLANG_WARN_RANGE_LOOP_ANALYSIS = YES;
				CLANG_WARN_STRICT_PROTOTYPES = YES;
				CLANG_WARN_SUSPICIOUS_MOVE = YES;
				CLANG_WARN_UNREACHABLE_CODE = YES;
				CLANG_WARN__DUPLICATE_METHOD_MATCH = YES;
				"CODE_SIGN_IDENTITY[sdk=iphoneos*]" = "iPhone Developer";
				COPY_PHASE_STRIP = NO;
				DEBUG_INFORMATION_FORMAT = "dwarf-with-dsym";
				ENABLE_NS_ASSERTIONS = NO;
				ENABLE_STRICT_OBJC_MSGSEND = YES;
				GCC_C_LANGUAGE_STANDARD = gnu99;
				GCC_NO_COMMON_BLOCKS = YES;
				GCC_WARN_64_TO_32_BIT_CONVERSION = YES;
				GCC_WARN_ABOUT_RETURN_TYPE = YES_ERROR;
				GCC_WARN_UNDECLARED_SELECTOR = YES;
				GCC_WARN_UNINITIALIZED_AUTOS = YES_AGGRESSIVE;
				GCC_WARN_UNUSED_FUNCTION = YES;
				GCC_WARN_UNUSED_VARIABLE = YES;
				IPHONEOS_DEPLOYMENT_TARGET = 14.5;
				MTL_ENABLE_DEBUG_INFO = NO;
				SDKROOT = iphoneos;
				SWIFT_OPTIMIZATION_LEVEL = "-Owholemodule";
				TARGETED_DEVICE_FAMILY = "1,2";
				VALIDATE_PRODUCT = YES;
			};
			name = Release;
		};
		8A1788191C28E8BD00C93E9B /* Debug */ = {
			isa = XCBuildConfiguration;
			buildSettings = {
				ASSETCATALOG_COMPILER_APPICON_NAME = AppIcon;
				ASSETCATALOG_COMPILER_GLOBAL_ACCENT_COLOR_NAME = SkillShotTintColor;
				CURRENT_PROJECT_VERSION = 20;
				DEVELOPMENT_TEAM = TRSP4AA7VA;
				FRAMEWORK_SEARCH_PATHS = "$(inherited)";
				INFOPLIST_FILE = "Skill Shot/Info.plist";
				IPHONEOS_DEPLOYMENT_TARGET = 15.0;
				LD_RUNPATH_SEARCH_PATHS = "$(inherited) @executable_path/Frameworks";
				MARKETING_VERSION = 2.0.0;
				PRODUCT_BUNDLE_IDENTIFIER = "com.skillshot.Skill-Shot";
				PRODUCT_NAME = "$(TARGET_NAME)";
				SWIFT_SWIFT3_OBJC_INFERENCE = Default;
				SWIFT_VERSION = 5.0;
				TARGETED_DEVICE_FAMILY = "1,2";
			};
			name = Debug;
		};
		8A17881A1C28E8BD00C93E9B /* Release */ = {
			isa = XCBuildConfiguration;
			buildSettings = {
				ASSETCATALOG_COMPILER_APPICON_NAME = AppIcon;
				ASSETCATALOG_COMPILER_GLOBAL_ACCENT_COLOR_NAME = SkillShotTintColor;
				CURRENT_PROJECT_VERSION = 20;
				DEVELOPMENT_TEAM = TRSP4AA7VA;
				FRAMEWORK_SEARCH_PATHS = "$(inherited)";
				INFOPLIST_FILE = "Skill Shot/Info.plist";
				IPHONEOS_DEPLOYMENT_TARGET = 15.0;
				LD_RUNPATH_SEARCH_PATHS = "$(inherited) @executable_path/Frameworks";
				MARKETING_VERSION = 2.0.0;
				PRODUCT_BUNDLE_IDENTIFIER = "com.skillshot.Skill-Shot";
				PRODUCT_NAME = "$(TARGET_NAME)";
				SWIFT_SWIFT3_OBJC_INFERENCE = Default;
				SWIFT_VERSION = 5.0;
				TARGETED_DEVICE_FAMILY = "1,2";
			};
			name = Release;
		};
/* End XCBuildConfiguration section */

/* Begin XCConfigurationList section */
		8A1788011C28E8BD00C93E9B /* Build configuration list for PBXProject "Skill Shot" */ = {
			isa = XCConfigurationList;
			buildConfigurations = (
				8A1788161C28E8BD00C93E9B /* Debug */,
				8A1788171C28E8BD00C93E9B /* Release */,
			);
			defaultConfigurationIsVisible = 0;
			defaultConfigurationName = Release;
		};
		8A1788181C28E8BD00C93E9B /* Build configuration list for PBXNativeTarget "Skill Shot" */ = {
			isa = XCConfigurationList;
			buildConfigurations = (
				8A1788191C28E8BD00C93E9B /* Debug */,
				8A17881A1C28E8BD00C93E9B /* Release */,
			);
			defaultConfigurationIsVisible = 0;
			defaultConfigurationName = Release;
		};
/* End XCConfigurationList section */
	};
	rootObject = 8A1787FE1C28E8BD00C93E9B /* Project object */;
}
