// !$*UTF8*$!
{
	archiveVersion = 1;
	classes = {
	};
	objectVersion = 52;
	objects = {

/* Begin PBXBuildFile section */
		6AC6E3D326A6178700F4C32C /* Alamofire in Frameworks */ = {isa = PBXBuildFile; productRef = 6AC6E3D226A6178700F4C32C /* Alamofire */; };
		8A17880A1C28E8BD00C93E9B /* AppDelegate.swift in Sources */ = {isa = PBXBuildFile; fileRef = 8A1788091C28E8BD00C93E9B /* AppDelegate.swift */; };
		8A17880F1C28E8BD00C93E9B /* Main.storyboard in Resources */ = {isa = PBXBuildFile; fileRef = 8A17880D1C28E8BD00C93E9B /* Main.storyboard */; };
		8A1788111C28E8BD00C93E9B /* Assets.xcassets in Resources */ = {isa = PBXBuildFile; fileRef = 8A1788101C28E8BD00C93E9B /* Assets.xcassets */; };
		8A1788141C28E8BD00C93E9B /* LaunchScreen.storyboard in Resources */ = {isa = PBXBuildFile; fileRef = 8A1788121C28E8BD00C93E9B /* LaunchScreen.storyboard */; };
		8A1788381C28FA8F00C93E9B /* Location.swift in Sources */ = {isa = PBXBuildFile; fileRef = 8A1788371C28FA8F00C93E9B /* Location.swift */; };
		8A17883A1C28FC3200C93E9B /* Machine.swift in Sources */ = {isa = PBXBuildFile; fileRef = 8A1788391C28FC3200C93E9B /* Machine.swift */; };
		8A17883C1C28FE4200C93E9B /* LocationTableViewController.swift in Sources */ = {isa = PBXBuildFile; fileRef = 8A17883B1C28FE4200C93E9B /* LocationTableViewController.swift */; };
		8A17883E1C29081300C93E9B /* MapAndListContainerViewController.swift in Sources */ = {isa = PBXBuildFile; fileRef = 8A17883D1C29081300C93E9B /* MapAndListContainerViewController.swift */; };
		8A1788401C2908B400C93E9B /* MapViewController.swift in Sources */ = {isa = PBXBuildFile; fileRef = 8A17883F1C2908B400C93E9B /* MapViewController.swift */; };
		8A1788421C2908CB00C93E9B /* FilterViewController.swift in Sources */ = {isa = PBXBuildFile; fileRef = 8A1788411C2908CB00C93E9B /* FilterViewController.swift */; };
		8A1788441C29090600C93E9B /* LocationDetailViewController.swift in Sources */ = {isa = PBXBuildFile; fileRef = 8A1788431C29090600C93E9B /* LocationDetailViewController.swift */; };
		8A1788461C29093800C93E9B /* SkillShotNavigationViewController.swift in Sources */ = {isa = PBXBuildFile; fileRef = 8A1788451C29093800C93E9B /* SkillShotNavigationViewController.swift */; };
		8A1788481C290E1A00C93E9B /* MapKit.framework in Frameworks */ = {isa = PBXBuildFile; fileRef = 8A1788471C290E1A00C93E9B /* MapKit.framework */; };
		8A17884E1C2935BE00C93E9B /* LocationTableViewCell.swift in Sources */ = {isa = PBXBuildFile; fileRef = 8A17884D1C2935BE00C93E9B /* LocationTableViewCell.swift */; };
		8A1A40EF1C55EAC700A30AED /* LocationTableViewController+UIViewControllerPreviewingDelegate.swift in Sources */ = {isa = PBXBuildFile; fileRef = 8A1A40EE1C55EAC700A30AED /* LocationTableViewController+UIViewControllerPreviewingDelegate.swift */; };
		8A1A40F31C55F41300A30AED /* LocationPreviewViewController.swift in Sources */ = {isa = PBXBuildFile; fileRef = 8A1A40F21C55F41300A30AED /* LocationPreviewViewController.swift */; };
		8ACF1B661F8EE94900E9B8D4 /* GenericDarkNavigationViewController.swift in Sources */ = {isa = PBXBuildFile; fileRef = 8ACF1B651F8EE94900E9B8D4 /* GenericDarkNavigationViewController.swift */; };
		8AEFD2081C35ED4000074615 /* AppInfoViewController.swift in Sources */ = {isa = PBXBuildFile; fileRef = 8AEFD2071C35ED4000074615 /* AppInfoViewController.swift */; };
/* End PBXBuildFile section */

/* Begin PBXFileReference section */
		8A1788061C28E8BD00C93E9B /* Skill Shot.app */ = {isa = PBXFileReference; explicitFileType = wrapper.application; includeInIndex = 0; path = "Skill Shot.app"; sourceTree = BUILT_PRODUCTS_DIR; };
		8A1788091C28E8BD00C93E9B /* AppDelegate.swift */ = {isa = PBXFileReference; lastKnownFileType = sourcecode.swift; path = AppDelegate.swift; sourceTree = "<group>"; };
		8A17880E1C28E8BD00C93E9B /* Base */ = {isa = PBXFileReference; lastKnownFileType = file.storyboard; name = Base; path = Base.lproj/Main.storyboard; sourceTree = "<group>"; };
		8A1788101C28E8BD00C93E9B /* Assets.xcassets */ = {isa = PBXFileReference; lastKnownFileType = folder.assetcatalog; path = Assets.xcassets; sourceTree = "<group>"; };
		8A1788131C28E8BD00C93E9B /* Base */ = {isa = PBXFileReference; lastKnownFileType = file.storyboard; name = Base; path = Base.lproj/LaunchScreen.storyboard; sourceTree = "<group>"; };
		8A1788151C28E8BD00C93E9B /* Info.plist */ = {isa = PBXFileReference; lastKnownFileType = text.plist.xml; path = Info.plist; sourceTree = "<group>"; };
		8A1788371C28FA8F00C93E9B /* Location.swift */ = {isa = PBXFileReference; fileEncoding = 4; lastKnownFileType = sourcecode.swift; name = Location.swift; path = Model/Location.swift; sourceTree = "<group>"; };
		8A1788391C28FC3200C93E9B /* Machine.swift */ = {isa = PBXFileReference; fileEncoding = 4; lastKnownFileType = sourcecode.swift; name = Machine.swift; path = Model/Machine.swift; sourceTree = "<group>"; };
		8A17883B1C28FE4200C93E9B /* LocationTableViewController.swift */ = {isa = PBXFileReference; fileEncoding = 4; lastKnownFileType = sourcecode.swift; name = LocationTableViewController.swift; path = Controllers/LocationTableViewController.swift; sourceTree = "<group>"; };
		8A17883D1C29081300C93E9B /* MapAndListContainerViewController.swift */ = {isa = PBXFileReference; fileEncoding = 4; lastKnownFileType = sourcecode.swift; name = MapAndListContainerViewController.swift; path = Controllers/MapAndListContainerViewController.swift; sourceTree = "<group>"; };
		8A17883F1C2908B400C93E9B /* MapViewController.swift */ = {isa = PBXFileReference; fileEncoding = 4; lastKnownFileType = sourcecode.swift; name = MapViewController.swift; path = Controllers/MapViewController.swift; sourceTree = "<group>"; };
		8A1788411C2908CB00C93E9B /* FilterViewController.swift */ = {isa = PBXFileReference; fileEncoding = 4; lastKnownFileType = sourcecode.swift; name = FilterViewController.swift; path = Controllers/FilterViewController.swift; sourceTree = "<group>"; };
		8A1788431C29090600C93E9B /* LocationDetailViewController.swift */ = {isa = PBXFileReference; fileEncoding = 4; lastKnownFileType = sourcecode.swift; name = LocationDetailViewController.swift; path = Controllers/LocationDetailViewController.swift; sourceTree = "<group>"; };
		8A1788451C29093800C93E9B /* SkillShotNavigationViewController.swift */ = {isa = PBXFileReference; fileEncoding = 4; lastKnownFileType = sourcecode.swift; name = SkillShotNavigationViewController.swift; path = Controllers/SkillShotNavigationViewController.swift; sourceTree = "<group>"; };
		8A1788471C290E1A00C93E9B /* MapKit.framework */ = {isa = PBXFileReference; lastKnownFileType = wrapper.framework; name = MapKit.framework; path = System/Library/Frameworks/MapKit.framework; sourceTree = SDKROOT; };
		8A17884D1C2935BE00C93E9B /* LocationTableViewCell.swift */ = {isa = PBXFileReference; fileEncoding = 4; lastKnownFileType = sourcecode.swift; name = LocationTableViewCell.swift; path = View/LocationTableViewCell.swift; sourceTree = "<group>"; };
		8A1A40EE1C55EAC700A30AED /* LocationTableViewController+UIViewControllerPreviewingDelegate.swift */ = {isa = PBXFileReference; fileEncoding = 4; lastKnownFileType = sourcecode.swift; name = "LocationTableViewController+UIViewControllerPreviewingDelegate.swift"; path = "Controllers/LocationTableViewController+UIViewControllerPreviewingDelegate.swift"; sourceTree = "<group>"; };
		8A1A40F21C55F41300A30AED /* LocationPreviewViewController.swift */ = {isa = PBXFileReference; fileEncoding = 4; lastKnownFileType = sourcecode.swift; name = LocationPreviewViewController.swift; path = Controllers/LocationPreviewViewController.swift; sourceTree = "<group>"; };
		8ACF1B651F8EE94900E9B8D4 /* GenericDarkNavigationViewController.swift */ = {isa = PBXFileReference; lastKnownFileType = sourcecode.swift; name = GenericDarkNavigationViewController.swift; path = Controllers/GenericDarkNavigationViewController.swift; sourceTree = "<group>"; };
		8AEFD2071C35ED4000074615 /* AppInfoViewController.swift */ = {isa = PBXFileReference; fileEncoding = 4; lastKnownFileType = sourcecode.swift; name = AppInfoViewController.swift; path = Controllers/AppInfoViewController.swift; sourceTree = "<group>"; };
/* End PBXFileReference section */

/* Begin PBXFrameworksBuildPhase section */
		8A1788031C28E8BD00C93E9B /* Frameworks */ = {
			isa = PBXFrameworksBuildPhase;
			buildActionMask = 2147483647;
			files = (
				8A1788481C290E1A00C93E9B /* MapKit.framework in Frameworks */,
				6AC6E3D326A6178700F4C32C /* Alamofire in Frameworks */,
			);
			runOnlyForDeploymentPostprocessing = 0;
		};
/* End PBXFrameworksBuildPhase section */

/* Begin PBXGroup section */
		8A1787FD1C28E8BD00C93E9B = {
			isa = PBXGroup;
			children = (
				8A1788081C28E8BD00C93E9B /* Skill Shot */,
				8A1788071C28E8BD00C93E9B /* Products */,
				8A1788471C290E1A00C93E9B /* MapKit.framework */,
				8ACE0CD11F900E3F002A2884 /* Frameworks */,
			);
			sourceTree = "<group>";
		};
		8A1788071C28E8BD00C93E9B /* Products */ = {
			isa = PBXGroup;
			children = (
				8A1788061C28E8BD00C93E9B /* Skill Shot.app */,
			);
			name = Products;
			sourceTree = "<group>";
		};
		8A1788081C28E8BD00C93E9B /* Skill Shot */ = {
			isa = PBXGroup;
			children = (
				8A17884C1C2935A300C93E9B /* View */,
				8A1788361C28FA7200C93E9B /* Controller */,
				8A1788351C28FA6D00C93E9B /* Model */,
				8A1788091C28E8BD00C93E9B /* AppDelegate.swift */,
				8A17880D1C28E8BD00C93E9B /* Main.storyboard */,
				8A1788101C28E8BD00C93E9B /* Assets.xcassets */,
				8A1788121C28E8BD00C93E9B /* LaunchScreen.storyboard */,
				8A1788151C28E8BD00C93E9B /* Info.plist */,
			);
			path = "Skill Shot";
			sourceTree = "<group>";
		};
		8A1788351C28FA6D00C93E9B /* Model */ = {
			isa = PBXGroup;
			children = (
				8A1788371C28FA8F00C93E9B /* Location.swift */,
				8A1788391C28FC3200C93E9B /* Machine.swift */,
			);
			name = Model;
			sourceTree = "<group>";
		};
		8A1788361C28FA7200C93E9B /* Controller */ = {
			isa = PBXGroup;
			children = (
				8A17883D1C29081300C93E9B /* MapAndListContainerViewController.swift */,
				8A17883F1C2908B400C93E9B /* MapViewController.swift */,
				8A17883B1C28FE4200C93E9B /* LocationTableViewController.swift */,
				8A1A40EE1C55EAC700A30AED /* LocationTableViewController+UIViewControllerPreviewingDelegate.swift */,
				8A1788411C2908CB00C93E9B /* FilterViewController.swift */,
				8A1A40F21C55F41300A30AED /* LocationPreviewViewController.swift */,
				8A1788431C29090600C93E9B /* LocationDetailViewController.swift */,
				8A1788451C29093800C93E9B /* SkillShotNavigationViewController.swift */,
				8AEFD2071C35ED4000074615 /* AppInfoViewController.swift */,
				8ACF1B651F8EE94900E9B8D4 /* GenericDarkNavigationViewController.swift */,
			);
			name = Controller;
			sourceTree = "<group>";
		};
		8A17884C1C2935A300C93E9B /* View */ = {
			isa = PBXGroup;
			children = (
				8A17884D1C2935BE00C93E9B /* LocationTableViewCell.swift */,
			);
			name = View;
			sourceTree = "<group>";
		};
		8ACE0CD11F900E3F002A2884 /* Frameworks */ = {
			isa = PBXGroup;
			children = (
			);
			name = Frameworks;
			sourceTree = "<group>";
		};
/* End PBXGroup section */

/* Begin PBXNativeTarget section */
		8A1788051C28E8BD00C93E9B /* Skill Shot */ = {
			isa = PBXNativeTarget;
			buildConfigurationList = 8A1788181C28E8BD00C93E9B /* Build configuration list for PBXNativeTarget "Skill Shot" */;
			buildPhases = (
				8A1788021C28E8BD00C93E9B /* Sources */,
				8A1788031C28E8BD00C93E9B /* Frameworks */,
				8A1788041C28E8BD00C93E9B /* Resources */,
			);
			buildRules = (
			);
			dependencies = (
			);
			name = "Skill Shot";
			packageProductDependencies = (
				6AC6E3D226A6178700F4C32C /* Alamofire */,
			);
			productName = "Skill Shot";
			productReference = 8A1788061C28E8BD00C93E9B /* Skill Shot.app */;
			productType = "com.apple.product-type.application";
		};
/* End PBXNativeTarget section */

/* Begin PBXProject section */
		8A1787FE1C28E8BD00C93E9B /* Project object */ = {
			isa = PBXProject;
			attributes = {
				LastSwiftUpdateCheck = 0720;
				LastUpgradeCheck = 1250;
				TargetAttributes = {
					8A1788051C28E8BD00C93E9B = {
						CreatedOnToolsVersion = 7.2;
						DevelopmentTeam = TRSP4AA7VA;
						LastSwiftMigration = 1250;
					};
				};
			};
			buildConfigurationList = 8A1788011C28E8BD00C93E9B /* Build configuration list for PBXProject "Skill Shot" */;
			compatibilityVersion = "Xcode 3.2";
			developmentRegion = en;
			hasScannedForEncodings = 0;
			knownRegions = (
				en,
				Base,
			);
			mainGroup = 8A1787FD1C28E8BD00C93E9B;
			packageReferences = (
				6AC6E3D126A6178700F4C32C /* XCRemoteSwiftPackageReference "Alamofire" */,
			);
			productRefGroup = 8A1788071C28E8BD00C93E9B /* Products */;
			projectDirPath = "";
			projectRoot = "";
			targets = (
				8A1788051C28E8BD00C93E9B /* Skill Shot */,
			);
		};
/* End PBXProject section */

/* Begin PBXResourcesBuildPhase section */
		8A1788041C28E8BD00C93E9B /* Resources */ = {
			isa = PBXResourcesBuildPhase;
			buildActionMask = 2147483647;
			files = (
				8A1788141C28E8BD00C93E9B /* LaunchScreen.storyboard in Resources */,
				8A1788111C28E8BD00C93E9B /* Assets.xcassets in Resources */,
				8A17880F1C28E8BD00C93E9B /* Main.storyboard in Resources */,
			);
			runOnlyForDeploymentPostprocessing = 0;
		};
/* End PBXResourcesBuildPhase section */

/* Begin PBXSourcesBuildPhase section */
		8A1788021C28E8BD00C93E9B /* Sources */ = {
			isa = PBXSourcesBuildPhase;
			buildActionMask = 2147483647;
			files = (
				8A1A40F31C55F41300A30AED /* LocationPreviewViewController.swift in Sources */,
				8A1788441C29090600C93E9B /* LocationDetailViewController.swift in Sources */,
				8A1788421C2908CB00C93E9B /* FilterViewController.swift in Sources */,
				8A17883E1C29081300C93E9B /* MapAndListContainerViewController.swift in Sources */,
				8A1788401C2908B400C93E9B /* MapViewController.swift in Sources */,
				8A17883C1C28FE4200C93E9B /* LocationTableViewController.swift in Sources */,
				8ACF1B661F8EE94900E9B8D4 /* GenericDarkNavigationViewController.swift in Sources */,
				8A1788381C28FA8F00C93E9B /* Location.swift in Sources */,
				8A1A40EF1C55EAC700A30AED /* LocationTableViewController+UIViewControllerPreviewingDelegate.swift in Sources */,
				8AEFD2081C35ED4000074615 /* AppInfoViewController.swift in Sources */,
				8A17884E1C2935BE00C93E9B /* LocationTableViewCell.swift in Sources */,
				8A1788461C29093800C93E9B /* SkillShotNavigationViewController.swift in Sources */,
				8A17880A1C28E8BD00C93E9B /* AppDelegate.swift in Sources */,
				8A17883A1C28FC3200C93E9B /* Machine.swift in Sources */,
			);
			runOnlyForDeploymentPostprocessing = 0;
		};
/* End PBXSourcesBuildPhase section */

/* Begin PBXVariantGroup section */
		8A17880D1C28E8BD00C93E9B /* Main.storyboard */ = {
			isa = PBXVariantGroup;
			children = (
				8A17880E1C28E8BD00C93E9B /* Base */,
			);
			name = Main.storyboard;
			sourceTree = "<group>";
		};
		8A1788121C28E8BD00C93E9B /* LaunchScreen.storyboard */ = {
			isa = PBXVariantGroup;
			children = (
				8A1788131C28E8BD00C93E9B /* Base */,
			);
			name = LaunchScreen.storyboard;
			sourceTree = "<group>";
		};
/* End PBXVariantGroup section */

/* Begin XCBuildConfiguration section */
		8A1788161C28E8BD00C93E9B /* Debug */ = {
			isa = XCBuildConfiguration;
			buildSettings = {
				ALWAYS_SEARCH_USER_PATHS = NO;
				CLANG_ANALYZER_LOCALIZABILITY_NONLOCALIZED = YES;
				CLANG_CXX_LANGUAGE_STANDARD = "gnu++0x";
				CLANG_CXX_LIBRARY = "libc++";
				CLANG_ENABLE_MODULES = YES;
				CLANG_ENABLE_OBJC_ARC = YES;
				CLANG_WARN_BLOCK_CAPTURE_AUTORELEASING = YES;
				CLANG_WARN_BOOL_CONVERSION = YES;
				CLANG_WARN_COMMA = YES;
				CLANG_WARN_CONSTANT_CONVERSION = YES;
				CLANG_WARN_DEPRECATED_OBJC_IMPLEMENTATIONS = YES;
				CLANG_WARN_DIRECT_OBJC_ISA_USAGE = YES_ERROR;
				CLANG_WARN_EMPTY_BODY = YES;
				CLANG_WARN_ENUM_CONVERSION = YES;
				CLANG_WARN_INFINITE_RECURSION = YES;
				CLANG_WARN_INT_CONVERSION = YES;
				CLANG_WARN_NON_LITERAL_NULL_CONVERSION = YES;
				CLANG_WARN_OBJC_IMPLICIT_RETAIN_SELF = YES;
				CLANG_WARN_OBJC_LITERAL_CONVERSION = YES;
				CLANG_WARN_OBJC_ROOT_CLASS = YES_ERROR;
				CLANG_WARN_QUOTED_INCLUDE_IN_FRAMEWORK_HEADER = YES;
				CLANG_WARN_RANGE_LOOP_ANALYSIS = YES;
				CLANG_WARN_STRICT_PROTOTYPES = YES;
				CLANG_WARN_SUSPICIOUS_MOVE = YES;
				CLANG_WARN_UNREACHABLE_CODE = YES;
				CLANG_WARN__DUPLICATE_METHOD_MATCH = YES;
				"CODE_SIGN_IDENTITY[sdk=iphoneos*]" = "iPhone Developer";
				COPY_PHASE_STRIP = NO;
				DEBUG_INFORMATION_FORMAT = dwarf;
				ENABLE_STRICT_OBJC_MSGSEND = YES;
				ENABLE_TESTABILITY = YES;
				GCC_C_LANGUAGE_STANDARD = gnu99;
				GCC_DYNAMIC_NO_PIC = NO;
				GCC_NO_COMMON_BLOCKS = YES;
				GCC_OPTIMIZATION_LEVEL = 0;
				GCC_PREPROCESSOR_DEFINITIONS = (
					"DEBUG=1",
					"$(inherited)",
				);
				GCC_WARN_64_TO_32_BIT_CONVERSION = YES;
				GCC_WARN_ABOUT_RETURN_TYPE = YES_ERROR;
				GCC_WARN_UNDECLARED_SELECTOR = YES;
				GCC_WARN_UNINITIALIZED_AUTOS = YES_AGGRESSIVE;
				GCC_WARN_UNUSED_FUNCTION = YES;
				GCC_WARN_UNUSED_VARIABLE = YES;
				IPHONEOS_DEPLOYMENT_TARGET = 14.5;
				MTL_ENABLE_DEBUG_INFO = YES;
				ONLY_ACTIVE_ARCH = YES;
				SDKROOT = iphoneos;
				SWIFT_OPTIMIZATION_LEVEL = "-Onone";
				TARGETED_DEVICE_FAMILY = "1,2";
			};
			name = Debug;
		};
		8A1788171C28E8BD00C93E9B /* Release */ = {
			isa = XCBuildConfiguration;
			buildSettings = {
				ALWAYS_SEARCH_USER_PATHS = NO;
				CLANG_ANALYZER_LOCALIZABILITY_NONLOCALIZED = YES;
				CLANG_CXX_LANGUAGE_STANDARD = "gnu++0x";
				CLANG_CXX_LIBRARY = "libc++";
				CLANG_ENABLE_MODULES = YES;
				CLANG_ENABLE_OBJC_ARC = YES;
				CLANG_WARN_BLOCK_CAPTURE_AUTORELEASING = YES;
				CLANG_WARN_BOOL_CONVERSION = YES;
				CLANG_WARN_COMMA = YES;
				CLANG_WARN_CONSTANT_CONVERSION = YES;
				CLANG_WARN_DEPRECATED_OBJC_IMPLEMENTATIONS = YES;
				CLANG_WARN_DIRECT_OBJC_ISA_USAGE = YES_ERROR;
				CLANG_WARN_EMPTY_BODY = YES;
				CLANG_WARN_ENUM_CONVERSION = YES;
				CLANG_WARN_INFINITE_RECURSION = YES;
				CLANG_WARN_INT_CONVERSION = YES;
				CLANG_WARN_NON_LITERAL_NULL_CONVERSION = YES;
				CLANG_WARN_OBJC_IMPLICIT_RETAIN_SELF = YES;
				CLANG_WARN_OBJC_LITERAL_CONVERSION = YES;
				CLANG_WARN_OBJC_ROOT_CLASS = YES_ERROR;
				CLANG_WARN_QUOTED_INCLUDE_IN_FRAMEWORK_HEADER = YES;
				CLANG_WARN_RANGE_LOOP_ANALYSIS = YES;
				CLANG_WARN_STRICT_PROTOTYPES = YES;
				CLANG_WARN_SUSPICIOUS_MOVE = YES;
				CLANG_WARN_UNREACHABLE_CODE = YES;
				CLANG_WARN__DUPLICATE_METHOD_MATCH = YES;
				"CODE_SIGN_IDENTITY[sdk=iphoneos*]" = "iPhone Developer";
				COPY_PHASE_STRIP = NO;
				DEBUG_INFORMATION_FORMAT = "dwarf-with-dsym";
				ENABLE_NS_ASSERTIONS = NO;
				ENABLE_STRICT_OBJC_MSGSEND = YES;
				GCC_C_LANGUAGE_STANDARD = gnu99;
				GCC_NO_COMMON_BLOCKS = YES;
				GCC_WARN_64_TO_32_BIT_CONVERSION = YES;
				GCC_WARN_ABOUT_RETURN_TYPE = YES_ERROR;
				GCC_WARN_UNDECLARED_SELECTOR = YES;
				GCC_WARN_UNINITIALIZED_AUTOS = YES_AGGRESSIVE;
				GCC_WARN_UNUSED_FUNCTION = YES;
				GCC_WARN_UNUSED_VARIABLE = YES;
				IPHONEOS_DEPLOYMENT_TARGET = 14.5;
				MTL_ENABLE_DEBUG_INFO = NO;
				SDKROOT = iphoneos;
				SWIFT_COMPILATION_MODE = wholemodule;
				SWIFT_OPTIMIZATION_LEVEL = "-O";
				TARGETED_DEVICE_FAMILY = "1,2";
				VALIDATE_PRODUCT = YES;
			};
			name = Release;
		};
		8A1788191C28E8BD00C93E9B /* Debug */ = {
			isa = XCBuildConfiguration;
			buildSettings = {
				ASSETCATALOG_COMPILER_APPICON_NAME = AppIcon;
				CURRENT_PROJECT_VERSION = 18;
				DEVELOPMENT_TEAM = TRSP4AA7VA;
				FRAMEWORK_SEARCH_PATHS = "$(inherited)";
				INFOPLIST_FILE = "Skill Shot/Info.plist";
				IPHONEOS_DEPLOYMENT_TARGET = 13.0;
				LD_RUNPATH_SEARCH_PATHS = (
					"$(inherited)",
					"@executable_path/Frameworks",
				);
				MARKETING_VERSION = 1.3.0;
				PRODUCT_BUNDLE_IDENTIFIER = "com.skillshot.Skill-Shot";
				PRODUCT_NAME = "$(TARGET_NAME)";
				SWIFT_SWIFT3_OBJC_INFERENCE = Default;
				SWIFT_VERSION = 5.0;
				TARGETED_DEVICE_FAMILY = 1;
			};
			name = Debug;
		};
		8A17881A1C28E8BD00C93E9B /* Release */ = {
			isa = XCBuildConfiguration;
			buildSettings = {
				ASSETCATALOG_COMPILER_APPICON_NAME = AppIcon;
				CURRENT_PROJECT_VERSION = 18;
				DEVELOPMENT_TEAM = TRSP4AA7VA;
				FRAMEWORK_SEARCH_PATHS = "$(inherited)";
				INFOPLIST_FILE = "Skill Shot/Info.plist";
				IPHONEOS_DEPLOYMENT_TARGET = 13.0;
				LD_RUNPATH_SEARCH_PATHS = (
					"$(inherited)",
					"@executable_path/Frameworks",
				);
				MARKETING_VERSION = 1.3.0;
				PRODUCT_BUNDLE_IDENTIFIER = "com.skillshot.Skill-Shot";
				PRODUCT_NAME = "$(TARGET_NAME)";
				SWIFT_SWIFT3_OBJC_INFERENCE = Default;
				SWIFT_VERSION = 5.0;
				TARGETED_DEVICE_FAMILY = 1;
			};
			name = Release;
		};
/* End XCBuildConfiguration section */

/* Begin XCConfigurationList section */
		8A1788011C28E8BD00C93E9B /* Build configuration list for PBXProject "Skill Shot" */ = {
			isa = XCConfigurationList;
			buildConfigurations = (
				8A1788161C28E8BD00C93E9B /* Debug */,
				8A1788171C28E8BD00C93E9B /* Release */,
			);
			defaultConfigurationIsVisible = 0;
			defaultConfigurationName = Release;
		};
		8A1788181C28E8BD00C93E9B /* Build configuration list for PBXNativeTarget "Skill Shot" */ = {
			isa = XCConfigurationList;
			buildConfigurations = (
				8A1788191C28E8BD00C93E9B /* Debug */,
				8A17881A1C28E8BD00C93E9B /* Release */,
			);
			defaultConfigurationIsVisible = 0;
			defaultConfigurationName = Release;
		};
/* End XCConfigurationList section */

/* Begin XCRemoteSwiftPackageReference section */
		6AC6E3D126A6178700F4C32C /* XCRemoteSwiftPackageReference "Alamofire" */ = {
			isa = XCRemoteSwiftPackageReference;
			repositoryURL = "https://github.com/Alamofire/Alamofire.git";
			requirement = {
				kind = upToNextMajorVersion;
				minimumVersion = 5.4.0;
			};
		};
/* End XCRemoteSwiftPackageReference section */

/* Begin XCSwiftPackageProductDependency section */
		6AC6E3D226A6178700F4C32C /* Alamofire */ = {
			isa = XCSwiftPackageProductDependency;
			package = 6AC6E3D126A6178700F4C32C /* XCRemoteSwiftPackageReference "Alamofire" */;
			productName = Alamofire;
		};
/* End XCSwiftPackageProductDependency section */
	};
	rootObject = 8A1787FE1C28E8BD00C93E9B /* Project object */;
}
